
Microsoft Visual Studio Solution File, Format Version 12.00
# Visual Studio 15
VisualStudioVersion = 15.0.26403.7
MinimumVisualStudioVersion = 10.0.40219.1
Project("{FAE04EC0-301F-11D3-BF4B-00C04F79EFBC}") = "Syntgoht", "Syntgoht\Syntgoht.csproj", "{EDBE520A-AAB4-4668-9C16-CE0A26B1A4D9}"
	ProjectSection(ProjectDependencies) = postProject
		{51F1318D-748D-47CE-923D-807960010374} = {51F1318D-748D-47CE-923D-807960010374}
	EndProjectSection
EndProject
Project("{FAE04EC0-301F-11D3-BF4B-00C04F79EFBC}") = "SyntgohtLoader", "SyntgohtLoader\SyntgohtLoader.csproj", "{51F1318D-748D-47CE-923D-807960010374}"
EndProject
Global
	GlobalSection(SolutionConfigurationPlatforms) = preSolution
		Debug|Any CPU = Debug|Any CPU
		Release|Any CPU = Release|Any CPU
	EndGlobalSection
	GlobalSection(ProjectConfigurationPlatforms) = postSolution
		{EDBE520A-AAB4-4668-9C16-CE0A26B1A4D9}.Debug|Any CPU.ActiveCfg = Debug|Any CPU
		{EDBE520A-AAB4-4668-9C16-CE0A26B1A4D9}.Debug|Any CPU.Build.0 = Debug|Any CPU
		{EDBE520A-AAB4-4668-9C16-CE0A26B1A4D9}.Release|Any CPU.ActiveCfg = Release|Any CPU
		{EDBE520A-AAB4-4668-9C16-CE0A26B1A4D9}.Release|Any CPU.Build.0 = Release|Any CPU
		{51F1318D-748D-47CE-923D-807960010374}.Debug|Any CPU.ActiveCfg = Debug|Any CPU
		{51F1318D-748D-47CE-923D-807960010374}.Debug|Any CPU.Build.0 = Debug|Any CPU
		{51F1318D-748D-47CE-923D-807960010374}.Release|Any CPU.ActiveCfg = Release|Any CPU
		{51F1318D-748D-47CE-923D-807960010374}.Release|Any CPU.Build.0 = Release|Any CPU
	EndGlobalSection
	GlobalSection(SolutionProperties) = preSolution
		HideSolutionNode = FALSE
	EndGlobalSection
	GlobalSection(ExtensibilityGlobals) = postSolution
		SolutionGuid = {8C63A1F7-ED8F-495E-BDF5-8725CCD56681}
	EndGlobalSection
	GlobalSection(TeamFoundationVersionControl) = preSolution
		SccNumberOfProjects = 2
		SccEnterpriseProvider = {4CA58AB2-18FA-4F8D-95D4-32DDF27D184C}
		SccTeamFoundationServer = https://omninewb.visualstudio.com/defaultcollection
		SccProjectUniqueName0 = Syntgoht\\Syntgoht.csproj
		SccProjectName0 = Syntgoht
		SccAuxPath0 = https://omninewb.visualstudio.com/defaultcollection
		SccLocalPath0 = Syntgoht
		SccProvider0 = {4CA58AB2-18FA-4F8D-95D4-32DDF27D184C}
		SccProjectUniqueName1 = SyntgohtLoader\\SyntgohtLoader.csproj
		SccProjectName1 = SyntgohtLoader
		SccAuxPath1 = https://omninewb.visualstudio.com/defaultcollection
		SccLocalPath1 = SyntgohtLoader
		SccProvider1 = {4CA58AB2-18FA-4F8D-95D4-32DDF27D184C}
	EndGlobalSection
EndGlobal
